// !$*UTF8*$!
{
	archiveVersion = 1;
	classes = {
	};
	objectVersion = 46;
	objects = {

/* Begin PBXBuildFile section */
		09197DBB35C200C94293856B /* Pods_Twitter.framework in Frameworks */ = {isa = PBXBuildFile; fileRef = 6934435FF65C766FAA953357 /* Pods_Twitter.framework */; };
		650BE5D81E67E9A30074BD56 /* TweetTableView.swift in Sources */ = {isa = PBXBuildFile; fileRef = 650BE5D71E67E9A30074BD56 /* TweetTableView.swift */; };
		650BE5DB1E67EC720074BD56 /* TweetComposePaneDelegate.swift in Sources */ = {isa = PBXBuildFile; fileRef = 650BE5DA1E67EC720074BD56 /* TweetComposePaneDelegate.swift */; };
		650BEC521E5F6CFF00D3013D /* MessageViewController.swift in Sources */ = {isa = PBXBuildFile; fileRef = 650BEC511E5F6CFF00D3013D /* MessageViewController.swift */; };
		650BEC561E5F73CF00D3013D /* PresentingAnimationController.swift in Sources */ = {isa = PBXBuildFile; fileRef = 650BEC541E5F73CF00D3013D /* PresentingAnimationController.swift */; };
		650BEC571E5F73CF00D3013D /* DismissingAnimationController.swift in Sources */ = {isa = PBXBuildFile; fileRef = 650BEC551E5F73CF00D3013D /* DismissingAnimationController.swift */; };
		650BEC601E5F7DE500D3013D /* pop.framework in Frameworks */ = {isa = PBXBuildFile; fileRef = 650BEC5C1E5F7C3500D3013D /* pop.framework */; };
		650BEC611E5F7DE500D3013D /* pop.framework in CopyFiles */ = {isa = PBXBuildFile; fileRef = 650BEC5C1E5F7C3500D3013D /* pop.framework */; settings = {ATTRIBUTES = (CodeSignOnCopy, RemoveHeadersOnCopy, ); }; };
		652674621E68B4F100CB3E22 /* TweetCell.swift in Sources */ = {isa = PBXBuildFile; fileRef = 652674611E68B4F100CB3E22 /* TweetCell.swift */; };
		652674641E68BB2100CB3E22 /* TweetDetailViewController.swift in Sources */ = {isa = PBXBuildFile; fileRef = 652674631E68BB2100CB3E22 /* TweetDetailViewController.swift */; };
		652674661E68DC8000CB3E22 /* UserProfileImageView.swift in Sources */ = {isa = PBXBuildFile; fileRef = 652674651E68DC8000CB3E22 /* UserProfileImageView.swift */; };
		652674681E68DDCB00CB3E22 /* UserProfileViewController.swift in Sources */ = {isa = PBXBuildFile; fileRef = 652674671E68DDCB00CB3E22 /* UserProfileViewController.swift */; };
		6526746A1E69036F00CB3E22 /* AccountListViewController.swift in Sources */ = {isa = PBXBuildFile; fileRef = 652674691E69036F00CB3E22 /* AccountListViewController.swift */; };
		655DD78F1E5A63DF00635D30 /* AppDelegate.swift in Sources */ = {isa = PBXBuildFile; fileRef = 655DD78E1E5A63DF00635D30 /* AppDelegate.swift */; };
		655DD7941E5A63DF00635D30 /* Main.storyboard in Resources */ = {isa = PBXBuildFile; fileRef = 655DD7921E5A63DF00635D30 /* Main.storyboard */; };
		655DD7961E5A63DF00635D30 /* Assets.xcassets in Resources */ = {isa = PBXBuildFile; fileRef = 655DD7951E5A63DF00635D30 /* Assets.xcassets */; };
		655DD7991E5A63DF00635D30 /* LaunchScreen.storyboard in Resources */ = {isa = PBXBuildFile; fileRef = 655DD7971E5A63DF00635D30 /* LaunchScreen.storyboard */; };
		655DD7A11E5A669500635D30 /* LoginViewController.swift in Sources */ = {isa = PBXBuildFile; fileRef = 655DD7A01E5A669500635D30 /* LoginViewController.swift */; };
		655DD7A61E5A766700635D30 /* User.swift in Sources */ = {isa = PBXBuildFile; fileRef = 655DD7A51E5A766700635D30 /* User.swift */; };
		655DD7A81E5A767200635D30 /* Tweet.swift in Sources */ = {isa = PBXBuildFile; fileRef = 655DD7A71E5A767200635D30 /* Tweet.swift */; };
		655DD7AA1E5A94A800635D30 /* TwitterClient.swift in Sources */ = {isa = PBXBuildFile; fileRef = 655DD7A91E5A94A800635D30 /* TwitterClient.swift */; };
		655DD7AC1E5A9E8F00635D30 /* TweetsViewController.swift in Sources */ = {isa = PBXBuildFile; fileRef = 655DD7AB1E5A9E8F00635D30 /* TweetsViewController.swift */; };
		6574BD011E5D52F700A096F3 /* KeychainAccess.framework in Frameworks */ = {isa = PBXBuildFile; fileRef = 6574BD001E5D52F700A096F3 /* KeychainAccess.framework */; };
		6574BD031E5D533000A096F3 /* KeychainAccess.framework in CopyFiles */ = {isa = PBXBuildFile; fileRef = 6574BD001E5D52F700A096F3 /* KeychainAccess.framework */; settings = {ATTRIBUTES = (CodeSignOnCopy, RemoveHeadersOnCopy, ); }; };
		658724131E5CBE6F00A030B6 /* TweetView.swift in Sources */ = {isa = PBXBuildFile; fileRef = 658724111E5CBE6F00A030B6 /* TweetView.swift */; };
		658724141E5CBE6F00A030B6 /* TweetCell.xib in Resources */ = {isa = PBXBuildFile; fileRef = 658724121E5CBE6F00A030B6 /* TweetCell.xib */; };
		658724161E5D75AB00A030B6 /* InfiniteScrollActivityView.swift in Sources */ = {isa = PBXBuildFile; fileRef = 658724151E5D75AB00A030B6 /* InfiniteScrollActivityView.swift */; };
/* End PBXBuildFile section */

/* Begin PBXCopyFilesBuildPhase section */
		6574BD021E5D531F00A096F3 /* CopyFiles */ = {
			isa = PBXCopyFilesBuildPhase;
			buildActionMask = 2147483647;
			dstPath = "";
			dstSubfolderSpec = 10;
			files = (
				650BEC611E5F7DE500D3013D /* pop.framework in CopyFiles */,
				6574BD031E5D533000A096F3 /* KeychainAccess.framework in CopyFiles */,
			);
			runOnlyForDeploymentPostprocessing = 0;
		};
/* End PBXCopyFilesBuildPhase section */

/* Begin PBXFileReference section */
		10B053D70722051EB0C8E9F1 /* Pods-Twitter.release.xcconfig */ = {isa = PBXFileReference; includeInIndex = 1; lastKnownFileType = text.xcconfig; name = "Pods-Twitter.release.xcconfig"; path = "Pods/Target Support Files/Pods-Twitter/Pods-Twitter.release.xcconfig"; sourceTree = "<group>"; };
		3D4E4F6D398F1807D1C99B08 /* Pods-Twitter.debug.xcconfig */ = {isa = PBXFileReference; includeInIndex = 1; lastKnownFileType = text.xcconfig; name = "Pods-Twitter.debug.xcconfig"; path = "Pods/Target Support Files/Pods-Twitter/Pods-Twitter.debug.xcconfig"; sourceTree = "<group>"; };
		650BE5D71E67E9A30074BD56 /* TweetTableView.swift */ = {isa = PBXFileReference; fileEncoding = 4; lastKnownFileType = sourcecode.swift; path = TweetTableView.swift; sourceTree = "<group>"; };
		650BE5DA1E67EC720074BD56 /* TweetComposePaneDelegate.swift */ = {isa = PBXFileReference; fileEncoding = 4; lastKnownFileType = sourcecode.swift; path = TweetComposePaneDelegate.swift; sourceTree = "<group>"; };
		650BEC511E5F6CFF00D3013D /* MessageViewController.swift */ = {isa = PBXFileReference; fileEncoding = 4; lastKnownFileType = sourcecode.swift; path = MessageViewController.swift; sourceTree = "<group>"; };
		650BEC541E5F73CF00D3013D /* PresentingAnimationController.swift */ = {isa = PBXFileReference; fileEncoding = 4; lastKnownFileType = sourcecode.swift; path = PresentingAnimationController.swift; sourceTree = "<group>"; };
		650BEC551E5F73CF00D3013D /* DismissingAnimationController.swift */ = {isa = PBXFileReference; fileEncoding = 4; lastKnownFileType = sourcecode.swift; path = DismissingAnimationController.swift; sourceTree = "<group>"; };
		650BEC591E5F7AB400D3013D /* Twitter-Bridging-Header.h */ = {isa = PBXFileReference; lastKnownFileType = sourcecode.c.h; path = "Twitter-Bridging-Header.h"; sourceTree = "<group>"; };
		650BEC5C1E5F7C3500D3013D /* pop.framework */ = {isa = PBXFileReference; lastKnownFileType = wrapper.framework; name = pop.framework; path = "../../../../../../Library/Developer/Xcode/DerivedData/Twitter-dkljynhhuunvdwbofcbvjorjusht/Build/Products/Debug-iphonesimulator/pop/pop.framework"; sourceTree = "<group>"; };
		652674611E68B4F100CB3E22 /* TweetCell.swift */ = {isa = PBXFileReference; fileEncoding = 4; lastKnownFileType = sourcecode.swift; path = TweetCell.swift; sourceTree = "<group>"; };
		652674631E68BB2100CB3E22 /* TweetDetailViewController.swift */ = {isa = PBXFileReference; fileEncoding = 4; lastKnownFileType = sourcecode.swift; path = TweetDetailViewController.swift; sourceTree = "<group>"; };
		652674651E68DC8000CB3E22 /* UserProfileImageView.swift */ = {isa = PBXFileReference; fileEncoding = 4; lastKnownFileType = sourcecode.swift; path = UserProfileImageView.swift; sourceTree = "<group>"; };
		652674671E68DDCB00CB3E22 /* UserProfileViewController.swift */ = {isa = PBXFileReference; fileEncoding = 4; lastKnownFileType = sourcecode.swift; path = UserProfileViewController.swift; sourceTree = "<group>"; };
		652674691E69036F00CB3E22 /* AccountListViewController.swift */ = {isa = PBXFileReference; fileEncoding = 4; lastKnownFileType = sourcecode.swift; path = AccountListViewController.swift; sourceTree = "<group>"; };
		655DD78B1E5A63DF00635D30 /* Twitter.app */ = {isa = PBXFileReference; explicitFileType = wrapper.application; includeInIndex = 0; path = Twitter.app; sourceTree = BUILT_PRODUCTS_DIR; };
		655DD78E1E5A63DF00635D30 /* AppDelegate.swift */ = {isa = PBXFileReference; lastKnownFileType = sourcecode.swift; path = AppDelegate.swift; sourceTree = "<group>"; };
		655DD7931E5A63DF00635D30 /* Base */ = {isa = PBXFileReference; lastKnownFileType = file.storyboard; name = Base; path = Base.lproj/Main.storyboard; sourceTree = "<group>"; };
		655DD7951E5A63DF00635D30 /* Assets.xcassets */ = {isa = PBXFileReference; lastKnownFileType = folder.assetcatalog; path = Assets.xcassets; sourceTree = "<group>"; };
		655DD7981E5A63DF00635D30 /* Base */ = {isa = PBXFileReference; lastKnownFileType = file.storyboard; name = Base; path = Base.lproj/LaunchScreen.storyboard; sourceTree = "<group>"; };
		655DD79A1E5A63DF00635D30 /* Info.plist */ = {isa = PBXFileReference; lastKnownFileType = text.plist.xml; path = Info.plist; sourceTree = "<group>"; };
		655DD7A01E5A669500635D30 /* LoginViewController.swift */ = {isa = PBXFileReference; fileEncoding = 4; lastKnownFileType = sourcecode.swift; path = LoginViewController.swift; sourceTree = "<group>"; };
		655DD7A51E5A766700635D30 /* User.swift */ = {isa = PBXFileReference; fileEncoding = 4; lastKnownFileType = sourcecode.swift; path = User.swift; sourceTree = "<group>"; };
		655DD7A71E5A767200635D30 /* Tweet.swift */ = {isa = PBXFileReference; fileEncoding = 4; lastKnownFileType = sourcecode.swift; path = Tweet.swift; sourceTree = "<group>"; };
		655DD7A91E5A94A800635D30 /* TwitterClient.swift */ = {isa = PBXFileReference; fileEncoding = 4; lastKnownFileType = sourcecode.swift; path = TwitterClient.swift; sourceTree = "<group>"; };
		655DD7AB1E5A9E8F00635D30 /* TweetsViewController.swift */ = {isa = PBXFileReference; fileEncoding = 4; lastKnownFileType = sourcecode.swift; path = TweetsViewController.swift; sourceTree = "<group>"; };
		6574BD001E5D52F700A096F3 /* KeychainAccess.framework */ = {isa = PBXFileReference; lastKnownFileType = wrapper.framework; name = KeychainAccess.framework; path = "../../../../../../Library/Developer/Xcode/DerivedData/Twitter-dkljynhhuunvdwbofcbvjorjusht/Build/Products/Debug-iphonesimulator/KeychainAccess/KeychainAccess.framework"; sourceTree = "<group>"; };
		6574BD041E5D54EF00A096F3 /* Twitter.entitlements */ = {isa = PBXFileReference; lastKnownFileType = text.plist.entitlements; path = Twitter.entitlements; sourceTree = "<group>"; };
		658724111E5CBE6F00A030B6 /* TweetView.swift */ = {isa = PBXFileReference; fileEncoding = 4; lastKnownFileType = sourcecode.swift; path = TweetView.swift; sourceTree = "<group>"; };
		658724121E5CBE6F00A030B6 /* TweetCell.xib */ = {isa = PBXFileReference; fileEncoding = 4; lastKnownFileType = file.xib; path = TweetCell.xib; sourceTree = "<group>"; };
		658724151E5D75AB00A030B6 /* InfiniteScrollActivityView.swift */ = {isa = PBXFileReference; fileEncoding = 4; lastKnownFileType = sourcecode.swift; path = InfiniteScrollActivityView.swift; sourceTree = "<group>"; };
		6934435FF65C766FAA953357 /* Pods_Twitter.framework */ = {isa = PBXFileReference; explicitFileType = wrapper.framework; includeInIndex = 0; path = Pods_Twitter.framework; sourceTree = BUILT_PRODUCTS_DIR; };
/* End PBXFileReference section */

/* Begin PBXFrameworksBuildPhase section */
		655DD7881E5A63DF00635D30 /* Frameworks */ = {
			isa = PBXFrameworksBuildPhase;
			buildActionMask = 2147483647;
			files = (
				6574BD011E5D52F700A096F3 /* KeychainAccess.framework in Frameworks */,
				650BEC601E5F7DE500D3013D /* pop.framework in Frameworks */,
				09197DBB35C200C94293856B /* Pods_Twitter.framework in Frameworks */,
			);
			runOnlyForDeploymentPostprocessing = 0;
		};
/* End PBXFrameworksBuildPhase section */

/* Begin PBXGroup section */
		3B68BB89A33134FA8814E202 /* Frameworks */ = {
			isa = PBXGroup;
			children = (
				650BEC5C1E5F7C3500D3013D /* pop.framework */,
				6574BD001E5D52F700A096F3 /* KeychainAccess.framework */,
				6934435FF65C766FAA953357 /* Pods_Twitter.framework */,
			);
			name = Frameworks;
			sourceTree = "<group>";
		};
		650BE5D91E67EC300074BD56 /* Delegates */ = {
			isa = PBXGroup;
			children = (
				650BE5DA1E67EC720074BD56 /* TweetComposePaneDelegate.swift */,
			);
			name = Delegates;
			sourceTree = "<group>";
		};
		650BEC531E5F73C100D3013D /* Animations */ = {
			isa = PBXGroup;
			children = (
				650BEC541E5F73CF00D3013D /* PresentingAnimationController.swift */,
				650BEC551E5F73CF00D3013D /* DismissingAnimationController.swift */,
			);
			name = Animations;
			sourceTree = "<group>";
		};
		655DD7821E5A63DF00635D30 = {
			isa = PBXGroup;
			children = (
				655DD78D1E5A63DF00635D30 /* Twitter */,
				655DD78C1E5A63DF00635D30 /* Products */,
				C61F42C4551709D36E367392 /* Pods */,
				3B68BB89A33134FA8814E202 /* Frameworks */,
			);
			sourceTree = "<group>";
		};
		655DD78C1E5A63DF00635D30 /* Products */ = {
			isa = PBXGroup;
			children = (
				655DD78B1E5A63DF00635D30 /* Twitter.app */,
			);
			name = Products;
			sourceTree = "<group>";
		};
		655DD78D1E5A63DF00635D30 /* Twitter */ = {
			isa = PBXGroup;
			children = (
				655DD7A41E5A763D00635D30 /* API */,
				655DD78E1E5A63DF00635D30 /* AppDelegate.swift */,
				655DD7951E5A63DF00635D30 /* Assets.xcassets */,
				650BE5D91E67EC300074BD56 /* Delegates */,
				655DD79A1E5A63DF00635D30 /* Info.plist */,
				655DD7971E5A63DF00635D30 /* LaunchScreen.storyboard */,
				655DD7921E5A63DF00635D30 /* Main.storyboard */,
				655DD7A21E5A762F00635D30 /* Models */,
				650BEC591E5F7AB400D3013D /* Twitter-Bridging-Header.h */,
				6574BD041E5D54EF00A096F3 /* Twitter.entitlements */,
				655DD7A31E5A763300635D30 /* Controllers */,
				658724101E5CBE5100A030B6 /* Views */,
			);
			path = Twitter;
			sourceTree = "<group>";
		};
		655DD7A21E5A762F00635D30 /* Models */ = {
			isa = PBXGroup;
			children = (
				655DD7A51E5A766700635D30 /* User.swift */,
				655DD7A71E5A767200635D30 /* Tweet.swift */,
			);
			name = Models;
			sourceTree = "<group>";
		};
		655DD7A31E5A763300635D30 /* Controllers */ = {
			isa = PBXGroup;
			children = (
				652674691E69036F00CB3E22 /* AccountListViewController.swift */,
				655DD7A01E5A669500635D30 /* LoginViewController.swift */,
				650BEC511E5F6CFF00D3013D /* MessageViewController.swift */,
				652674631E68BB2100CB3E22 /* TweetDetailViewController.swift */,
				655DD7AB1E5A9E8F00635D30 /* TweetsViewController.swift */,
				652674671E68DDCB00CB3E22 /* UserProfileViewController.swift */,
			);
			name = Controllers;
			sourceTree = "<group>";
		};
		655DD7A41E5A763D00635D30 /* API */ = {
			isa = PBXGroup;
			children = (
				655DD7A91E5A94A800635D30 /* TwitterClient.swift */,
			);
			name = API;
			sourceTree = "<group>";
		};
		658724101E5CBE5100A030B6 /* Views */ = {
			isa = PBXGroup;
			children = (
				650BEC531E5F73C100D3013D /* Animations */,
				658724151E5D75AB00A030B6 /* InfiniteScrollActivityView.swift */,
				652674611E68B4F100CB3E22 /* TweetCell.swift */,
				658724121E5CBE6F00A030B6 /* TweetCell.xib */,
				650BE5D71E67E9A30074BD56 /* TweetTableView.swift */,
				658724111E5CBE6F00A030B6 /* TweetView.swift */,
				652674651E68DC8000CB3E22 /* UserProfileImageView.swift */,
			);
			name = Views;
			sourceTree = "<group>";
		};
		C61F42C4551709D36E367392 /* Pods */ = {
			isa = PBXGroup;
			children = (
				3D4E4F6D398F1807D1C99B08 /* Pods-Twitter.debug.xcconfig */,
				10B053D70722051EB0C8E9F1 /* Pods-Twitter.release.xcconfig */,
			);
			name = Pods;
			sourceTree = "<group>";
		};
/* End PBXGroup section */

/* Begin PBXNativeTarget section */
		655DD78A1E5A63DF00635D30 /* Twitter */ = {
			isa = PBXNativeTarget;
			buildConfigurationList = 655DD79D1E5A63DF00635D30 /* Build configuration list for PBXNativeTarget "Twitter" */;
			buildPhases = (
				1225C8E822BC12A91BB5BFE0 /* [CP] Check Pods Manifest.lock */,
				655DD7871E5A63DF00635D30 /* Sources */,
				655DD7881E5A63DF00635D30 /* Frameworks */,
				655DD7891E5A63DF00635D30 /* Resources */,
				28F5674444A3D9825C0CE7D5 /* [CP] Embed Pods Frameworks */,
				68DBBDE94721424EE7B91705 /* [CP] Copy Pods Resources */,
				6574BD021E5D531F00A096F3 /* CopyFiles */,
			);
			buildRules = (
			);
			dependencies = (
			);
			name = Twitter;
			productName = Twitter;
			productReference = 655DD78B1E5A63DF00635D30 /* Twitter.app */;
			productType = "com.apple.product-type.application";
		};
/* End PBXNativeTarget section */

/* Begin PBXProject section */
		655DD7831E5A63DF00635D30 /* Project object */ = {
			isa = PBXProject;
			attributes = {
				LastSwiftUpdateCheck = 0800;
				LastUpgradeCheck = 0820;
				ORGANIZATIONNAME = "Thomas Zhu";
				TargetAttributes = {
					655DD78A1E5A63DF00635D30 = {
						CreatedOnToolsVersion = 8.0;
						DevelopmentTeam = 7JJ5N57V4M;
						LastSwiftMigration = 0800;
						ProvisioningStyle = Automatic;
						SystemCapabilities = {
							com.apple.Keychain = {
								enabled = 1;
							};
						};
					};
				};
			};
			buildConfigurationList = 655DD7861E5A63DF00635D30 /* Build configuration list for PBXProject "Twitter" */;
			compatibilityVersion = "Xcode 3.2";
			developmentRegion = English;
			hasScannedForEncodings = 0;
			knownRegions = (
				en,
				Base,
			);
			mainGroup = 655DD7821E5A63DF00635D30;
			productRefGroup = 655DD78C1E5A63DF00635D30 /* Products */;
			projectDirPath = "";
			projectRoot = "";
			targets = (
				655DD78A1E5A63DF00635D30 /* Twitter */,
			);
		};
/* End PBXProject section */

/* Begin PBXResourcesBuildPhase section */
		655DD7891E5A63DF00635D30 /* Resources */ = {
			isa = PBXResourcesBuildPhase;
			buildActionMask = 2147483647;
			files = (
				655DD7991E5A63DF00635D30 /* LaunchScreen.storyboard in Resources */,
				655DD7961E5A63DF00635D30 /* Assets.xcassets in Resources */,
				655DD7941E5A63DF00635D30 /* Main.storyboard in Resources */,
				658724141E5CBE6F00A030B6 /* TweetCell.xib in Resources */,
			);
			runOnlyForDeploymentPostprocessing = 0;
		};
/* End PBXResourcesBuildPhase section */

/* Begin PBXShellScriptBuildPhase section */
		1225C8E822BC12A91BB5BFE0 /* [CP] Check Pods Manifest.lock */ = {
			isa = PBXShellScriptBuildPhase;
			buildActionMask = 2147483647;
			files = (
			);
			inputPaths = (
			);
			name = "[CP] Check Pods Manifest.lock";
			outputPaths = (
			);
			runOnlyForDeploymentPostprocessing = 0;
			shellPath = /bin/sh;
			shellScript = "diff \"${PODS_ROOT}/../Podfile.lock\" \"${PODS_ROOT}/Manifest.lock\" > /dev/null\nif [ $? != 0 ] ; then\n    # print error to STDERR\n    echo \"error: The sandbox is not in sync with the Podfile.lock. Run 'pod install' or update your CocoaPods installation.\" >&2\n    exit 1\nfi\n";
			showEnvVarsInLog = 0;
		};
		28F5674444A3D9825C0CE7D5 /* [CP] Embed Pods Frameworks */ = {
			isa = PBXShellScriptBuildPhase;
			buildActionMask = 2147483647;
			files = (
			);
			inputPaths = (
			);
			name = "[CP] Embed Pods Frameworks";
			outputPaths = (
			);
			runOnlyForDeploymentPostprocessing = 0;
			shellPath = /bin/sh;
			shellScript = "\"${SRCROOT}/Pods/Target Support Files/Pods-Twitter/Pods-Twitter-frameworks.sh\"\n";
			showEnvVarsInLog = 0;
		};
		68DBBDE94721424EE7B91705 /* [CP] Copy Pods Resources */ = {
			isa = PBXShellScriptBuildPhase;
			buildActionMask = 2147483647;
			files = (
			);
			inputPaths = (
			);
			name = "[CP] Copy Pods Resources";
			outputPaths = (
			);
			runOnlyForDeploymentPostprocessing = 0;
			shellPath = /bin/sh;
			shellScript = "\"${SRCROOT}/Pods/Target Support Files/Pods-Twitter/Pods-Twitter-resources.sh\"\n";
			showEnvVarsInLog = 0;
		};
/* End PBXShellScriptBuildPhase section */

/* Begin PBXSourcesBuildPhase section */
		655DD7871E5A63DF00635D30 /* Sources */ = {
			isa = PBXSourcesBuildPhase;
			buildActionMask = 2147483647;
			files = (
				658724161E5D75AB00A030B6 /* InfiniteScrollActivityView.swift in Sources */,
				652674621E68B4F100CB3E22 /* TweetCell.swift in Sources */,
				650BEC561E5F73CF00D3013D /* PresentingAnimationController.swift in Sources */,
				652674661E68DC8000CB3E22 /* UserProfileImageView.swift in Sources */,
				650BEC521E5F6CFF00D3013D /* MessageViewController.swift in Sources */,
				652674681E68DDCB00CB3E22 /* UserProfileViewController.swift in Sources */,
				650BE5DB1E67EC720074BD56 /* TweetComposePaneDelegate.swift in Sources */,
				655DD7A61E5A766700635D30 /* User.swift in Sources */,
				658724131E5CBE6F00A030B6 /* TweetView.swift in Sources */,
				650BEC571E5F73CF00D3013D /* DismissingAnimationController.swift in Sources */,
				655DD7A81E5A767200635D30 /* Tweet.swift in Sources */,
				655DD7A11E5A669500635D30 /* LoginViewController.swift in Sources */,
				655DD7AC1E5A9E8F00635D30 /* TweetsViewController.swift in Sources */,
				655DD7AA1E5A94A800635D30 /* TwitterClient.swift in Sources */,
				6526746A1E69036F00CB3E22 /* AccountListViewController.swift in Sources */,
				655DD78F1E5A63DF00635D30 /* AppDelegate.swift in Sources */,
				650BE5D81E67E9A30074BD56 /* TweetTableView.swift in Sources */,
				652674641E68BB2100CB3E22 /* TweetDetailViewController.swift in Sources */,
			);
			runOnlyForDeploymentPostprocessing = 0;
		};
/* End PBXSourcesBuildPhase section */

/* Begin PBXVariantGroup section */
		655DD7921E5A63DF00635D30 /* Main.storyboard */ = {
			isa = PBXVariantGroup;
			children = (
				655DD7931E5A63DF00635D30 /* Base */,
			);
			name = Main.storyboard;
			sourceTree = "<group>";
		};
		655DD7971E5A63DF00635D30 /* LaunchScreen.storyboard */ = {
			isa = PBXVariantGroup;
			children = (
				655DD7981E5A63DF00635D30 /* Base */,
			);
			name = LaunchScreen.storyboard;
			sourceTree = "<group>";
		};
/* End PBXVariantGroup section */

/* Begin XCBuildConfiguration section */
		655DD79B1E5A63DF00635D30 /* Debug */ = {
			isa = XCBuildConfiguration;
			buildSettings = {
				ALWAYS_SEARCH_USER_PATHS = NO;
				CLANG_ANALYZER_NONNULL = YES;
				CLANG_CXX_LANGUAGE_STANDARD = "gnu++0x";
				CLANG_CXX_LIBRARY = "libc++";
				CLANG_ENABLE_MODULES = YES;
				CLANG_ENABLE_OBJC_ARC = YES;
				CLANG_WARN_BOOL_CONVERSION = YES;
				CLANG_WARN_CONSTANT_CONVERSION = YES;
				CLANG_WARN_DIRECT_OBJC_ISA_USAGE = YES_ERROR;
				CLANG_WARN_DOCUMENTATION_COMMENTS = YES;
				CLANG_WARN_EMPTY_BODY = YES;
				CLANG_WARN_ENUM_CONVERSION = YES;
				CLANG_WARN_INFINITE_RECURSION = YES;
				CLANG_WARN_INT_CONVERSION = YES;
				CLANG_WARN_OBJC_ROOT_CLASS = YES_ERROR;
				CLANG_WARN_SUSPICIOUS_MOVE = YES;
				CLANG_WARN_SUSPICIOUS_MOVES = YES;
				CLANG_WARN_UNREACHABLE_CODE = YES;
				CLANG_WARN__DUPLICATE_METHOD_MATCH = YES;
				"CODE_SIGN_IDENTITY[sdk=iphoneos*]" = "iPhone Developer";
				COPY_PHASE_STRIP = NO;
				DEBUG_INFORMATION_FORMAT = dwarf;
				ENABLE_STRICT_OBJC_MSGSEND = YES;
				ENABLE_TESTABILITY = YES;
				GCC_C_LANGUAGE_STANDARD = gnu99;
				GCC_DYNAMIC_NO_PIC = NO;
				GCC_NO_COMMON_BLOCKS = YES;
				GCC_OPTIMIZATION_LEVEL = 0;
				GCC_PREPROCESSOR_DEFINITIONS = (
					"DEBUG=1",
					"$(inherited)",
				);
				GCC_WARN_64_TO_32_BIT_CONVERSION = YES;
				GCC_WARN_ABOUT_RETURN_TYPE = YES_ERROR;
				GCC_WARN_UNDECLARED_SELECTOR = YES;
				GCC_WARN_UNINITIALIZED_AUTOS = YES_AGGRESSIVE;
				GCC_WARN_UNUSED_FUNCTION = YES;
				GCC_WARN_UNUSED_VARIABLE = YES;
				IPHONEOS_DEPLOYMENT_TARGET = 10.0;
				MTL_ENABLE_DEBUG_INFO = YES;
				ONLY_ACTIVE_ARCH = YES;
				SDKROOT = iphoneos;
				SWIFT_ACTIVE_COMPILATION_CONDITIONS = DEBUG;
				SWIFT_OPTIMIZATION_LEVEL = "-Onone";
				TARGETED_DEVICE_FAMILY = "1,2";
			};
			name = Debug;
		};
		655DD79C1E5A63DF00635D30 /* Release */ = {
			isa = XCBuildConfiguration;
			buildSettings = {
				ALWAYS_SEARCH_USER_PATHS = NO;
				CLANG_ANALYZER_NONNULL = YES;
				CLANG_CXX_LANGUAGE_STANDARD = "gnu++0x";
				CLANG_CXX_LIBRARY = "libc++";
				CLANG_ENABLE_MODULES = YES;
				CLANG_ENABLE_OBJC_ARC = YES;
				CLANG_WARN_BOOL_CONVERSION = YES;
				CLANG_WARN_CONSTANT_CONVERSION = YES;
				CLANG_WARN_DIRECT_OBJC_ISA_USAGE = YES_ERROR;
				CLANG_WARN_DOCUMENTATION_COMMENTS = YES;
				CLANG_WARN_EMPTY_BODY = YES;
				CLANG_WARN_ENUM_CONVERSION = YES;
				CLANG_WARN_INFINITE_RECURSION = YES;
				CLANG_WARN_INT_CONVERSION = YES;
				CLANG_WARN_OBJC_ROOT_CLASS = YES_ERROR;
				CLANG_WARN_SUSPICIOUS_MOVE = YES;
				CLANG_WARN_SUSPICIOUS_MOVES = YES;
				CLANG_WARN_UNREACHABLE_CODE = YES;
				CLANG_WARN__DUPLICATE_METHOD_MATCH = YES;
				"CODE_SIGN_IDENTITY[sdk=iphoneos*]" = "iPhone Developer";
				COPY_PHASE_STRIP = NO;
				DEBUG_INFORMATION_FORMAT = "dwarf-with-dsym";
				ENABLE_NS_ASSERTIONS = NO;
				ENABLE_STRICT_OBJC_MSGSEND = YES;
				GCC_C_LANGUAGE_STANDARD = gnu99;
				GCC_NO_COMMON_BLOCKS = YES;
				GCC_WARN_64_TO_32_BIT_CONVERSION = YES;
				GCC_WARN_ABOUT_RETURN_TYPE = YES_ERROR;
				GCC_WARN_UNDECLARED_SELECTOR = YES;
				GCC_WARN_UNINITIALIZED_AUTOS = YES_AGGRESSIVE;
				GCC_WARN_UNUSED_FUNCTION = YES;
				GCC_WARN_UNUSED_VARIABLE = YES;
				IPHONEOS_DEPLOYMENT_TARGET = 10.0;
				MTL_ENABLE_DEBUG_INFO = NO;
				SDKROOT = iphoneos;
				SWIFT_OPTIMIZATION_LEVEL = "-Owholemodule";
				TARGETED_DEVICE_FAMILY = "1,2";
				VALIDATE_PRODUCT = YES;
			};
			name = Release;
		};
		655DD79E1E5A63DF00635D30 /* Debug */ = {
			isa = XCBuildConfiguration;
			baseConfigurationReference = 3D4E4F6D398F1807D1C99B08 /* Pods-Twitter.debug.xcconfig */;
			buildSettings = {
				ASSETCATALOG_COMPILER_APPICON_NAME = AppIcon;
				CLANG_ENABLE_MODULES = YES;
				CODE_SIGN_ENTITLEMENTS = Twitter/Twitter.entitlements;
				DEVELOPMENT_TEAM = 7JJ5N57V4M;
				INFOPLIST_FILE = Twitter/Info.plist;
				LD_RUNPATH_SEARCH_PATHS = "$(inherited) @executable_path/Frameworks";
				PRODUCT_BUNDLE_IDENTIFIER = com.thomaszhu.Twitter;
				PRODUCT_NAME = "$(TARGET_NAME)";
				SWIFT_OBJC_BRIDGING_HEADER = "Twitter/Twitter-Bridging-Header.h";
				SWIFT_OPTIMIZATION_LEVEL = "-Onone";
				SWIFT_VERSION = 3.0;
			};
			name = Debug;
		};
		655DD79F1E5A63DF00635D30 /* Release */ = {
			isa = XCBuildConfiguration;
			baseConfigurationReference = 10B053D70722051EB0C8E9F1 /* Pods-Twitter.release.xcconfig */;
			buildSettings = {
				ASSETCATALOG_COMPILER_APPICON_NAME = AppIcon;
				CLANG_ENABLE_MODULES = YES;
				CODE_SIGN_ENTITLEMENTS = Twitter/Twitter.entitlements;
				DEVELOPMENT_TEAM = 7JJ5N57V4M;
				INFOPLIST_FILE = Twitter/Info.plist;
				LD_RUNPATH_SEARCH_PATHS = "$(inherited) @executable_path/Frameworks";
				PRODUCT_BUNDLE_IDENTIFIER = com.thomaszhu.Twitter;
				PRODUCT_NAME = "$(TARGET_NAME)";
				SWIFT_OBJC_BRIDGING_HEADER = "Twitter/Twitter-Bridging-Header.h";
				SWIFT_VERSION = 3.0;
			};
			name = Release;
		};
/* End XCBuildConfiguration section */

/* Begin XCConfigurationList section */
		655DD7861E5A63DF00635D30 /* Build configuration list for PBXProject "Twitter" */ = {
			isa = XCConfigurationList;
			buildConfigurations = (
				655DD79B1E5A63DF00635D30 /* Debug */,
				655DD79C1E5A63DF00635D30 /* Release */,
			);
			defaultConfigurationIsVisible = 0;
			defaultConfigurationName = Release;
		};
		655DD79D1E5A63DF00635D30 /* Build configuration list for PBXNativeTarget "Twitter" */ = {
			isa = XCConfigurationList;
			buildConfigurations = (
				655DD79E1E5A63DF00635D30 /* Debug */,
				655DD79F1E5A63DF00635D30 /* Release */,
			);
			defaultConfigurationIsVisible = 0;
			defaultConfigurationName = Release;
		};
/* End XCConfigurationList section */
	};
	rootObject = 655DD7831E5A63DF00635D30 /* Project object */;
}
